
Microsoft Visual Studio Solution File, Format Version 12.00
# Visual Studio Version 17
VisualStudioVersion = 17.8.34330.188
MinimumVisualStudioVersion = 10.0.40219.1
Project("{2150E333-8FDC-42A3-9474-1A3956D46DE8}") = "Services", "Services", "{8F66C7AE-434F-448B-AC72-FB4453E52C1C}"
EndProject
Project("{2150E333-8FDC-42A3-9474-1A3956D46DE8}") = "Catalog", "Catalog", "{CECE4958-3E08-4CA7-B54B-CBDBB5FE803C}"
EndProject
Project("{9A19103F-16F7-4668-BE54-9A1E7A4F7556}") = "Catalog.API", "Services\Catalog\Catalog.API\Catalog.API.csproj", "{F8E3161F-C1E2-44F1-B029-B8F334AE9B83}"
EndProject
Project("{2150E333-8FDC-42A3-9474-1A3956D46DE8}") = "BuildingBlocks", "BuildingBlocks", "{32C77FE2-58B8-47AA-B80D-1327EBFBAD37}"
EndProject
Project("{9A19103F-16F7-4668-BE54-9A1E7A4F7556}") = "BuildingBlocks", "BuildingBlocks\BuildingBlocks\BuildingBlocks.csproj", "{6B48BFA0-D798-4661-B552-3C381284F9D7}"
EndProject
Project("{E53339B2-1760-4266-BCC7-CA923CBCF16C}") = "docker-compose", "docker-compose.dcproj", "{D14B1F71-65E5-43A6-BADE-D4BC7D4F553E}"
EndProject
Project("{2150E333-8FDC-42A3-9474-1A3956D46DE8}") = "Basket", "Basket", "{02EA681E-C7D8-13C7-8484-4AC65E1B71E8}"
EndProject
Project("{FAE04EC0-301F-11D3-BF4B-00C04F79EFBC}") = "Basket.API", "Services\Basket\Basket.API\Basket.API.csproj", "{6D4C3964-A51D-4915-B3EE-39F2EE37CA71}"
EndProject
Project("{2150E333-8FDC-42A3-9474-1A3956D46DE8}") = "Discount", "Discount", "{763F34BD-09E6-4BED-A92E-41B993936269}"
EndProject
Project("{FAE04EC0-301F-11D3-BF4B-00C04F79EFBC}") = "Discount.Grpc", "Services\Discount.Grpc\Discount.Grpc.csproj", "{C166480A-7782-4E9A-988A-A8058B5334C9}"
EndProject
Project("{2150E333-8FDC-42A3-9474-1A3956D46DE8}") = "Ordering", "Ordering", "{FFF6F76A-102C-4579-A0D0-647E74726D0D}"
EndProject
Project("{FAE04EC0-301F-11D3-BF4B-00C04F79EFBC}") = "Ordering.API", "Services\Ordering\Ordering.API\Ordering.API.csproj", "{2796BF23-87CB-420D-95F0-53B6F6138169}"
EndProject
Project("{FAE04EC0-301F-11D3-BF4B-00C04F79EFBC}") = "Ordering.Domain", "Services\Ordering\Ordering.Domain\Ordering.Domain.csproj", "{DF59E460-463B-47B3-9FD8-5A5BD54FAD30}"
EndProject
Project("{FAE04EC0-301F-11D3-BF4B-00C04F79EFBC}") = "Ordering.Application", "Services\Ordering\Ordering.Application\Ordering.Application.csproj", "{7A9A0F3B-1A09-436C-B1A9-25E379741EDD}"
EndProject
Project("{FAE04EC0-301F-11D3-BF4B-00C04F79EFBC}") = "Ordering.Infrastructure", "Services\Ordering\Ordering.Infrastructure\Ordering.Infrastructure.csproj", "{7475F17B-BD6A-4D5B-BF61-84F1BB6EBFF3}"
EndProject
Project("{FAE04EC0-301F-11D3-BF4B-00C04F79EFBC}") = "BuildingBlocks.Messaging", "BuildingBlocks\BuildingBlocks.Messaging\BuildingBlocks.Messaging.csproj", "{A57719D6-4ABC-47A6-A4FB-EC7EACECA315}"
EndProject
Project("{2150E333-8FDC-42A3-9474-1A3956D46DE8}") = "ApiGateways", "ApiGateways", "{4A0DE3F4-0DF1-4610-8D55-DD915862E2BC}"
EndProject
Project("{FAE04EC0-301F-11D3-BF4B-00C04F79EFBC}") = "YarpApiGateway", "ApiGateways\YarpApiGateway\YarpApiGateway.csproj", "{9E82270C-FE08-4121-BA43-026308C746E1}"
EndProject
Global
	GlobalSection(SolutionConfigurationPlatforms) = preSolution
		Debug|Any CPU = Debug|Any CPU
		Release|Any CPU = Release|Any CPU
	EndGlobalSection
	GlobalSection(ProjectConfigurationPlatforms) = postSolution
		{F8E3161F-C1E2-44F1-B029-B8F334AE9B83}.Debug|Any CPU.ActiveCfg = Debug|Any CPU
		{F8E3161F-C1E2-44F1-B029-B8F334AE9B83}.Debug|Any CPU.Build.0 = Debug|Any CPU
		{F8E3161F-C1E2-44F1-B029-B8F334AE9B83}.Release|Any CPU.ActiveCfg = Release|Any CPU
		{F8E3161F-C1E2-44F1-B029-B8F334AE9B83}.Release|Any CPU.Build.0 = Release|Any CPU
		{6B48BFA0-D798-4661-B552-3C381284F9D7}.Debug|Any CPU.ActiveCfg = Debug|Any CPU
		{6B48BFA0-D798-4661-B552-3C381284F9D7}.Debug|Any CPU.Build.0 = Debug|Any CPU
		{6B48BFA0-D798-4661-B552-3C381284F9D7}.Release|Any CPU.ActiveCfg = Release|Any CPU
		{6B48BFA0-D798-4661-B552-3C381284F9D7}.Release|Any CPU.Build.0 = Release|Any CPU
		{D14B1F71-65E5-43A6-BADE-D4BC7D4F553E}.Debug|Any CPU.ActiveCfg = Debug|Any CPU
		{D14B1F71-65E5-43A6-BADE-D4BC7D4F553E}.Debug|Any CPU.Build.0 = Debug|Any CPU
		{D14B1F71-65E5-43A6-BADE-D4BC7D4F553E}.Release|Any CPU.ActiveCfg = Release|Any CPU
		{D14B1F71-65E5-43A6-BADE-D4BC7D4F553E}.Release|Any CPU.Build.0 = Release|Any CPU
		{6D4C3964-A51D-4915-B3EE-39F2EE37CA71}.Debug|Any CPU.ActiveCfg = Debug|Any CPU
		{6D4C3964-A51D-4915-B3EE-39F2EE37CA71}.Debug|Any CPU.Build.0 = Debug|Any CPU
		{6D4C3964-A51D-4915-B3EE-39F2EE37CA71}.Release|Any CPU.ActiveCfg = Release|Any CPU
		{6D4C3964-A51D-4915-B3EE-39F2EE37CA71}.Release|Any CPU.Build.0 = Release|Any CPU
		{C166480A-7782-4E9A-988A-A8058B5334C9}.Debug|Any CPU.ActiveCfg = Debug|Any CPU
		{C166480A-7782-4E9A-988A-A8058B5334C9}.Debug|Any CPU.Build.0 = Debug|Any CPU
		{C166480A-7782-4E9A-988A-A8058B5334C9}.Release|Any CPU.ActiveCfg = Release|Any CPU
		{C166480A-7782-4E9A-988A-A8058B5334C9}.Release|Any CPU.Build.0 = Release|Any CPU
		{2796BF23-87CB-420D-95F0-53B6F6138169}.Debug|Any CPU.ActiveCfg = Debug|Any CPU
		{2796BF23-87CB-420D-95F0-53B6F6138169}.Debug|Any CPU.Build.0 = Debug|Any CPU
		{2796BF23-87CB-420D-95F0-53B6F6138169}.Release|Any CPU.ActiveCfg = Release|Any CPU
		{2796BF23-87CB-420D-95F0-53B6F6138169}.Release|Any CPU.Build.0 = Release|Any CPU
		{DF59E460-463B-47B3-9FD8-5A5BD54FAD30}.Debug|Any CPU.ActiveCfg = Debug|Any CPU
		{DF59E460-463B-47B3-9FD8-5A5BD54FAD30}.Debug|Any CPU.Build.0 = Debug|Any CPU
		{DF59E460-463B-47B3-9FD8-5A5BD54FAD30}.Release|Any CPU.ActiveCfg = Release|Any CPU
		{DF59E460-463B-47B3-9FD8-5A5BD54FAD30}.Release|Any CPU.Build.0 = Release|Any CPU
		{7A9A0F3B-1A09-436C-B1A9-25E379741EDD}.Debug|Any CPU.ActiveCfg = Debug|Any CPU
		{7A9A0F3B-1A09-436C-B1A9-25E379741EDD}.Debug|Any CPU.Build.0 = Debug|Any CPU
		{7A9A0F3B-1A09-436C-B1A9-25E379741EDD}.Release|Any CPU.ActiveCfg = Release|Any CPU
		{7A9A0F3B-1A09-436C-B1A9-25E379741EDD}.Release|Any CPU.Build.0 = Release|Any CPU
		{7475F17B-BD6A-4D5B-BF61-84F1BB6EBFF3}.Debug|Any CPU.ActiveCfg = Debug|Any CPU
		{7475F17B-BD6A-4D5B-BF61-84F1BB6EBFF3}.Debug|Any CPU.Build.0 = Debug|Any CPU
		{7475F17B-BD6A-4D5B-BF61-84F1BB6EBFF3}.Release|Any CPU.ActiveCfg = Release|Any CPU
		{7475F17B-BD6A-4D5B-BF61-84F1BB6EBFF3}.Release|Any CPU.Build.0 = Release|Any CPU
		{A57719D6-4ABC-47A6-A4FB-EC7EACECA315}.Debug|Any CPU.ActiveCfg = Debug|Any CPU
		{A57719D6-4ABC-47A6-A4FB-EC7EACECA315}.Debug|Any CPU.Build.0 = Debug|Any CPU
		{A57719D6-4ABC-47A6-A4FB-EC7EACECA315}.Release|Any CPU.ActiveCfg = Release|Any CPU
		{A57719D6-4ABC-47A6-A4FB-EC7EACECA315}.Release|Any CPU.Build.0 = Release|Any CPU
		{9E82270C-FE08-4121-BA43-026308C746E1}.Debug|Any CPU.ActiveCfg = Debug|Any CPU
		{9E82270C-FE08-4121-BA43-026308C746E1}.Debug|Any CPU.Build.0 = Debug|Any CPU
		{9E82270C-FE08-4121-BA43-026308C746E1}.Release|Any CPU.ActiveCfg = Release|Any CPU
		{9E82270C-FE08-4121-BA43-026308C746E1}.Release|Any CPU.Build.0 = Release|Any CPU
	EndGlobalSection
	GlobalSection(SolutionProperties) = preSolution
		HideSolutionNode = FALSE
	EndGlobalSection
	GlobalSection(NestedProjects) = preSolution
		{CECE4958-3E08-4CA7-B54B-CBDBB5FE803C} = {8F66C7AE-434F-448B-AC72-FB4453E52C1C}
		{F8E3161F-C1E2-44F1-B029-B8F334AE9B83} = {CECE4958-3E08-4CA7-B54B-CBDBB5FE803C}
		{6B48BFA0-D798-4661-B552-3C381284F9D7} = {32C77FE2-58B8-47AA-B80D-1327EBFBAD37}
		{02EA681E-C7D8-13C7-8484-4AC65E1B71E8} = {8F66C7AE-434F-448B-AC72-FB4453E52C1C}
		{6D4C3964-A51D-4915-B3EE-39F2EE37CA71} = {02EA681E-C7D8-13C7-8484-4AC65E1B71E8}
		{763F34BD-09E6-4BED-A92E-41B993936269} = {8F66C7AE-434F-448B-AC72-FB4453E52C1C}
		{C166480A-7782-4E9A-988A-A8058B5334C9} = {763F34BD-09E6-4BED-A92E-41B993936269}
		{FFF6F76A-102C-4579-A0D0-647E74726D0D} = {8F66C7AE-434F-448B-AC72-FB4453E52C1C}
		{2796BF23-87CB-420D-95F0-53B6F6138169} = {FFF6F76A-102C-4579-A0D0-647E74726D0D}
		{DF59E460-463B-47B3-9FD8-5A5BD54FAD30} = {FFF6F76A-102C-4579-A0D0-647E74726D0D}
		{7A9A0F3B-1A09-436C-B1A9-25E379741EDD} = {FFF6F76A-102C-4579-A0D0-647E74726D0D}
		{7475F17B-BD6A-4D5B-BF61-84F1BB6EBFF3} = {FFF6F76A-102C-4579-A0D0-647E74726D0D}
		{A57719D6-4ABC-47A6-A4FB-EC7EACECA315} = {32C77FE2-58B8-47AA-B80D-1327EBFBAD37}
		{9E82270C-FE08-4121-BA43-026308C746E1} = {4A0DE3F4-0DF1-4610-8D55-DD915862E2BC}
	EndGlobalSection
	GlobalSection(ExtensibilityGlobals) = postSolution
		SolutionGuid = {7F00EAE3-00FE-4903-816F-177EB7B08E62}
	EndGlobalSection
EndGlobal
